
Microsoft Visual Studio Solution File, Format Version 12.00
# Visual Studio Version 17
VisualStudioVersion = 17.7.34221.43
MinimumVisualStudioVersion = 10.0.40219.1
Project("{FAE04EC0-301F-11D3-BF4B-00C04F79EFBC}") = "WritePrintRead", "WritePrintRead\WritePrintRead.csproj", "{3010C8B5-06A0-475F-A0FE-BF3B25E226B2}"
EndProject
Global
	GlobalSection(SolutionConfigurationPlatforms) = preSolution
		Debug|Any CPU = Debug|Any CPU
		Release|Any CPU = Release|Any CPU
	EndGlobalSection
	GlobalSection(ProjectConfigurationPlatforms) = postSolution
		{3010C8B5-06A0-475F-A0FE-BF3B25E226B2}.Debug|Any CPU.ActiveCfg = Debug|Any CPU
		{3010C8B5-06A0-475F-A0FE-BF3B25E226B2}.Debug|Any CPU.Build.0 = Debug|Any CPU
		{3010C8B5-06A0-475F-A0FE-BF3B25E226B2}.Release|Any CPU.ActiveCfg = Release|Any CPU
		{3010C8B5-06A0-475F-A0FE-BF3B25E226B2}.Release|Any CPU.Build.0 = Release|Any CPU
	EndGlobalSection
	GlobalSection(SolutionProperties) = preSolution
		HideSolutionNode = FALSE
	EndGlobalSection
	GlobalSection(ExtensibilityGlobals) = postSolution
		SolutionGuid = {88294F0C-3B90-4076-BC18-F07FF1CCE894}
	EndGlobalSection
EndGlobal
